# THIS IS AN AUTOGENERATED FILE. DO NOT EDIT THIS FILE DIRECTLY.
# yarn lockfile v1


jolicitron@^2.1.0:
  version "2.1.0"
  resolved "https://registry.yarnpkg.com/jolicitron/-/jolicitron-2.1.0.tgz#d6640edf2b458e5a5d4b0a2087382197273bd228"
  integrity sha512-cVO+qobEU+HAuV8A3irrX8jQRwr4+5L9Vw4ZZVimCVBQTKHbiNWjrL1Zyj4bpkDBzlVxHc4KbWYNt5waIO05IQ==
  dependencies:
    lodash "^4.5.0"

lodash@^4.5.0:
  version "4.17.21"
  resolved "https://registry.yarnpkg.com/lodash/-/lodash-4.17.21.tgz#679591c564c3bffaae8454cf0b3df370c3d6911c"
  integrity sha512-v2kDEe57lecTulaDIuNTPy3Ry4gLGJ6Z1O3vE1krgXZNrsQ+LFTGHVxVjcXPs17LhbZVGedAJv8XZ1tvj5FvSg==
